Microsoft Visual Studio Solution File, Format Version 12.00
# Visual Studio Version 17
VisualStudioVersion = 17.5.2.0
MinimumVisualStudioVersion = 10.0.40219.1
Project("{FAE04EC0-301F-11D3-BF4B-00C04F79EFBC}") = "ukol1", "ukol1.csproj", "{9C20BC1D-7F13-3079-B136-DC776144BA6E}"
EndProject
Global
	GlobalSection(SolutionConfigurationPlatforms) = preSolution
		Debug|Any CPU = Debug|Any CPU
		Release|Any CPU = Release|Any CPU
	EndGlobalSection
	GlobalSection(ProjectConfigurationPlatforms) = postSolution
		{9C20BC1D-7F13-3079-B136-DC776144BA6E}.Debug|Any CPU.ActiveCfg = Debug|Any CPU
		{9C20BC1D-7F13-3079-B136-DC776144BA6E}.Debug|Any CPU.Build.0 = Debug|Any CPU
		{9C20BC1D-7F13-3079-B136-DC776144BA6E}.Release|Any CPU.ActiveCfg = Release|Any CPU
		{9C20BC1D-7F13-3079-B136-DC776144BA6E}.Release|Any CPU.Build.0 = Release|Any CPU
	EndGlobalSection
	GlobalSection(SolutionProperties) = preSolution
		HideSolutionNode = FALSE
	EndGlobalSection
	GlobalSection(ExtensibilityGlobals) = postSolution
		SolutionGuid = {25D41E41-2FA5-41F1-AB3C-3EA350E5C715}
	EndGlobalSection
EndGlobal
