Microsoft Visual Studio Solution File, Format Version 12.00
# Visual Studio Version 17
VisualStudioVersion = 17.5.2.0
MinimumVisualStudioVersion = 10.0.40219.1
Project("{FAE04EC0-301F-11D3-BF4B-00C04F79EFBC}") = "ukol4", "ukol4.csproj", "{6BAD4378-86D9-EC4B-6C4D-5829E4506F10}"
EndProject
Global
	GlobalSection(SolutionConfigurationPlatforms) = preSolution
		Debug|Any CPU = Debug|Any CPU
		Release|Any CPU = Release|Any CPU
	EndGlobalSection
	GlobalSection(ProjectConfigurationPlatforms) = postSolution
		{6BAD4378-86D9-EC4B-6C4D-5829E4506F10}.Debug|Any CPU.ActiveCfg = Debug|Any CPU
		{6BAD4378-86D9-EC4B-6C4D-5829E4506F10}.Debug|Any CPU.Build.0 = Debug|Any CPU
		{6BAD4378-86D9-EC4B-6C4D-5829E4506F10}.Release|Any CPU.ActiveCfg = Release|Any CPU
		{6BAD4378-86D9-EC4B-6C4D-5829E4506F10}.Release|Any CPU.Build.0 = Release|Any CPU
	EndGlobalSection
	GlobalSection(SolutionProperties) = preSolution
		HideSolutionNode = FALSE
	EndGlobalSection
	GlobalSection(ExtensibilityGlobals) = postSolution
		SolutionGuid = {A7831BDD-B111-47FD-98BE-261511D7E210}
	EndGlobalSection
EndGlobal
