Microsoft Visual Studio Solution File, Format Version 12.00
# Visual Studio Version 17
VisualStudioVersion = 17.5.2.0
MinimumVisualStudioVersion = 10.0.40219.1
Project("{FAE04EC0-301F-11D3-BF4B-00C04F79EFBC}") = "jcs205", "jcs205.csproj", "{7456A8CD-74F6-A5D1-37D5-495C9229CA51}"
EndProject
Global
	GlobalSection(SolutionConfigurationPlatforms) = preSolution
		Debug|Any CPU = Debug|Any CPU
		Release|Any CPU = Release|Any CPU
	EndGlobalSection
	GlobalSection(ProjectConfigurationPlatforms) = postSolution
		{7456A8CD-74F6-A5D1-37D5-495C9229CA51}.Debug|Any CPU.ActiveCfg = Debug|Any CPU
		{7456A8CD-74F6-A5D1-37D5-495C9229CA51}.Debug|Any CPU.Build.0 = Debug|Any CPU
		{7456A8CD-74F6-A5D1-37D5-495C9229CA51}.Release|Any CPU.ActiveCfg = Release|Any CPU
		{7456A8CD-74F6-A5D1-37D5-495C9229CA51}.Release|Any CPU.Build.0 = Release|Any CPU
	EndGlobalSection
	GlobalSection(SolutionProperties) = preSolution
		HideSolutionNode = FALSE
	EndGlobalSection
	GlobalSection(ExtensibilityGlobals) = postSolution
		SolutionGuid = {644C740A-BA4A-4673-A73A-15AEDF4B10BB}
	EndGlobalSection
EndGlobal
