Microsoft Visual Studio Solution File, Format Version 12.00
# Visual Studio Version 17
VisualStudioVersion = 17.5.2.0
MinimumVisualStudioVersion = 10.0.40219.1
Project("{FAE04EC0-301F-11D3-BF4B-00C04F79EFBC}") = "ukol2", "ukol2.csproj", "{316BDDB6-8CCE-440A-A5BC-7F4AADDD7503}"
EndProject
Global
	GlobalSection(SolutionConfigurationPlatforms) = preSolution
		Debug|Any CPU = Debug|Any CPU
		Release|Any CPU = Release|Any CPU
	EndGlobalSection
	GlobalSection(ProjectConfigurationPlatforms) = postSolution
		{316BDDB6-8CCE-440A-A5BC-7F4AADDD7503}.Debug|Any CPU.ActiveCfg = Debug|Any CPU
		{316BDDB6-8CCE-440A-A5BC-7F4AADDD7503}.Debug|Any CPU.Build.0 = Debug|Any CPU
		{316BDDB6-8CCE-440A-A5BC-7F4AADDD7503}.Release|Any CPU.ActiveCfg = Release|Any CPU
		{316BDDB6-8CCE-440A-A5BC-7F4AADDD7503}.Release|Any CPU.Build.0 = Release|Any CPU
	EndGlobalSection
	GlobalSection(SolutionProperties) = preSolution
		HideSolutionNode = FALSE
	EndGlobalSection
	GlobalSection(ExtensibilityGlobals) = postSolution
		SolutionGuid = {3B3CB1EE-C436-478D-B16B-552815FEB83C}
	EndGlobalSection
EndGlobal
